{
  "nodes": {
    "mangaki-src": {
      "flake": false,
      "locked": {
        "lastModified": 1593271972,
        "narHash": "sha256-WTXXbvu2rp0gbdvZWirRne25N4c1CvqCUuELYx8pS7Y=",
        "owner": "mangaki",
        "repo": "mangaki",
        "rev": "f3ce577fc0a1652b0f3f0c2a2b92523342206195",
        "type": "github"
      },
      "original": {
        "owner": "mangaki",
        "repo": "mangaki",
        "type": "github"
      }
    },
    "nixpkgs": {
      "locked": {
        "lastModified": 1599122993,
        "narHash": "sha256-utrUqdvPSBl5tO20ypC7LLe8aWkUqlH4ehwS+0Rm3qA=",
        "owner": "NixOS",
        "repo": "nixpkgs",
        "rev": "10aede9bcfe0bcc7c999b598057552f928c31767",
        "type": "github"
      },
      "original": {
        "owner": "NixOS",
        "ref": "nixos-20.03",
        "repo": "nixpkgs",
        "type": "github"
      }
    },
    "nixpkgs_2": {
      "locked": {
        "lastModified": 1599141588,
        "narHash": "sha256-bhvyxuSF66M5OnQtwMkfUWo9qCAduJr9NBIqcqK/Ba8=",
        "owner": "NixOS",
        "repo": "nixpkgs",
        "rev": "9fd106a33cb26bc9d6c4fcd329dd3cba5b63e914",
        "type": "github"
      },
      "original": {
        "id": "nixpkgs",
        "type": "indirect"
      }
    },
    "poetry2nix": {
      "inputs": {
        "nixpkgs": "nixpkgs_2"
      },
      "locked": {
        "lastModified": 1598971311,
        "narHash": "sha256-oT3WRVSTgmBj5gofxtJyAOAP9bWpbvNtgdtw0qB7Xns=",
        "owner": "nix-community",
        "repo": "poetry2nix",
        "rev": "ab40bbdc964b7cc0a69d6f9ce77afbc79bb6e815",
        "type": "github"
      },
      "original": {
        "owner": "nix-community",
        "repo": "poetry2nix",
        "type": "github"
      }
    },
    "root": {
      "inputs": {
        "mangaki-src": "mangaki-src",
        "nixpkgs": "nixpkgs",
        "poetry2nix": "poetry2nix"
      }
    }
  },
  "root": "root",
  "version": 7
}
